{
  "requires": true,
  "lockfileVersion": 1,
  "dependencies": {
    "jquery-modal": {
      "version": "0.8.2",
      "resolved": "https://registry.npmjs.org/jquery-modal/-/jquery-modal-0.8.2.tgz",
      "integrity": "sha512-QWIOHiS4tddxV2U/oHESCl6+OVrUYlXkjDLQJaCh/yaWXsazv7blhw8hnBmOJjuJzIVnpgmAUMBMXglaBjhgEA=="
    }
  }
}
